// !$*UTF8*$!
{
	archiveVersion = 1;
	classes = {
	};
	objectVersion = 46;
	objects = {

/* Begin PBXBuildFile section */
		D3110E011B2F65F900363281 /* main.cpp in Sources */ = {isa = PBXBuildFile; fileRef = D3110E001B2F65F900363281 /* main.cpp */; };
		D3B73C7C1B68047B00DD3BF8 /* Lanczos_Algorithm.cpp in Sources */ = {isa = PBXBuildFile; fileRef = D3B73C7B1B68047B00DD3BF8 /* Lanczos_Algorithm.cpp */; };
		D3E192D71B43083D008B1764 /* Hamiltonian_Template.cpp in Sources */ = {isa = PBXBuildFile; fileRef = D3E192D61B43083D008B1764 /* Hamiltonian_Template.cpp */; };
/* End PBXBuildFile section */

/* Begin PBXCopyFilesBuildPhase section */
		D3110DFB1B2F65F900363281 /* CopyFiles */ = {
			isa = PBXCopyFilesBuildPhase;
			buildActionMask = 2147483647;
			dstPath = /usr/share/man/man1/;
			dstSubfolderSpec = 0;
			files = (
			);
			runOnlyForDeploymentPostprocessing = 1;
		};
/* End PBXCopyFilesBuildPhase section */

/* Begin PBXFileReference section */
		D3110DFD1B2F65F900363281 /* Fock Basis Binary */ = {isa = PBXFileReference; explicitFileType = "compiled.mach-o.executable"; includeInIndex = 0; path = "Fock Basis Binary"; sourceTree = BUILT_PRODUCTS_DIR; };
		D3110E001B2F65F900363281 /* main.cpp */ = {isa = PBXFileReference; lastKnownFileType = sourcecode.cpp.cpp; path = main.cpp; sourceTree = "<group>"; };
		D3B73C7B1B68047B00DD3BF8 /* Lanczos_Algorithm.cpp */ = {isa = PBXFileReference; fileEncoding = 4; lastKnownFileType = sourcecode.cpp.cpp; path = Lanczos_Algorithm.cpp; sourceTree = "<group>"; };
		D3E192D61B43083D008B1764 /* Hamiltonian_Template.cpp */ = {isa = PBXFileReference; fileEncoding = 4; lastKnownFileType = sourcecode.cpp.cpp; path = Hamiltonian_Template.cpp; sourceTree = "<group>"; };
		D3E722F51B41A37900D99F48 /* Hamiltonian_Template.h */ = {isa = PBXFileReference; lastKnownFileType = sourcecode.c.h; path = Hamiltonian_Template.h; sourceTree = "<group>"; };
/* End PBXFileReference section */

/* Begin PBXFrameworksBuildPhase section */
		D3110DFA1B2F65F900363281 /* Frameworks */ = {
			isa = PBXFrameworksBuildPhase;
			buildActionMask = 2147483647;
			files = (
			);
			runOnlyForDeploymentPostprocessing = 0;
		};
/* End PBXFrameworksBuildPhase section */

/* Begin PBXGroup section */
		D3110DF41B2F65F900363281 = {
			isa = PBXGroup;
			children = (
				D3110DFF1B2F65F900363281 /* Fock Basis Binary */,
				D3110DFE1B2F65F900363281 /* Products */,
			);
			sourceTree = "<group>";
		};
		D3110DFE1B2F65F900363281 /* Products */ = {
			isa = PBXGroup;
			children = (
				D3110DFD1B2F65F900363281 /* Fock Basis Binary */,
			);
			name = Products;
			sourceTree = "<group>";
		};
		D3110DFF1B2F65F900363281 /* Fock Basis Binary */ = {
			isa = PBXGroup;
			children = (
				D3110E001B2F65F900363281 /* main.cpp */,
				D3E722F51B41A37900D99F48 /* Hamiltonian_Template.h */,
				D3E192D61B43083D008B1764 /* Hamiltonian_Template.cpp */,
				D3B73C7B1B68047B00DD3BF8 /* Lanczos_Algorithm.cpp */,
			);
			path = "Fock Basis Binary";
			sourceTree = "<group>";
		};
/* End PBXGroup section */

/* Begin PBXNativeTarget section */
		D3110DFC1B2F65F900363281 /* Fock Basis Binary */ = {
			isa = PBXNativeTarget;
			buildConfigurationList = D3110E041B2F65F900363281 /* Build configuration list for PBXNativeTarget "Fock Basis Binary" */;
			buildPhases = (
				D3110DF91B2F65F900363281 /* Sources */,
				D3110DFA1B2F65F900363281 /* Frameworks */,
				D3110DFB1B2F65F900363281 /* CopyFiles */,
			);
			buildRules = (
			);
			dependencies = (
			);
			name = "Fock Basis Binary";
			productName = "Fock Basis Binary";
			productReference = D3110DFD1B2F65F900363281 /* Fock Basis Binary */;
			productType = "com.apple.product-type.tool";
		};
/* End PBXNativeTarget section */

/* Begin PBXProject section */
		D3110DF51B2F65F900363281 /* Project object */ = {
			isa = PBXProject;
			attributes = {
				LastUpgradeCheck = 0630;
				ORGANIZATIONNAME = "Mekena Metcalf";
				TargetAttributes = {
					D3110DFC1B2F65F900363281 = {
						CreatedOnToolsVersion = 6.3.1;
					};
				};
			};
			buildConfigurationList = D3110DF81B2F65F900363281 /* Build configuration list for PBXProject "Fock Basis Binary" */;
			compatibilityVersion = "Xcode 3.2";
			developmentRegion = English;
			hasScannedForEncodings = 0;
			knownRegions = (
				en,
			);
			mainGroup = D3110DF41B2F65F900363281;
			productRefGroup = D3110DFE1B2F65F900363281 /* Products */;
			projectDirPath = "";
			projectRoot = "";
			targets = (
				D3110DFC1B2F65F900363281 /* Fock Basis Binary */,
			);
		};
/* End PBXProject section */

/* Begin PBXSourcesBuildPhase section */
		D3110DF91B2F65F900363281 /* Sources */ = {
			isa = PBXSourcesBuildPhase;
			buildActionMask = 2147483647;
			files = (
				D3E192D71B43083D008B1764 /* Hamiltonian_Template.cpp in Sources */,
				D3B73C7C1B68047B00DD3BF8 /* Lanczos_Algorithm.cpp in Sources */,
				D3110E011B2F65F900363281 /* main.cpp in Sources */,
			);
			runOnlyForDeploymentPostprocessing = 0;
		};
/* End PBXSourcesBuildPhase section */

/* Begin XCBuildConfiguration section */
		D3110E021B2F65F900363281 /* Debug */ = {
			isa = XCBuildConfiguration;
			buildSettings = {
				ALWAYS_SEARCH_USER_PATHS = NO;
				CLANG_CXX_LANGUAGE_STANDARD = "gnu++0x";
				CLANG_CXX_LIBRARY = "libc++";
				CLANG_ENABLE_MODULES = YES;
				CLANG_ENABLE_OBJC_ARC = YES;
				CLANG_WARN_BOOL_CONVERSION = YES;
				CLANG_WARN_CONSTANT_CONVERSION = YES;
				CLANG_WARN_DIRECT_OBJC_ISA_USAGE = YES_ERROR;
				CLANG_WARN_EMPTY_BODY = YES;
				CLANG_WARN_ENUM_CONVERSION = YES;
				CLANG_WARN_INT_CONVERSION = YES;
				CLANG_WARN_OBJC_ROOT_CLASS = YES_ERROR;
				CLANG_WARN_UNREACHABLE_CODE = YES;
				CLANG_WARN__DUPLICATE_METHOD_MATCH = YES;
				COPY_PHASE_STRIP = NO;
				DEBUG_INFORMATION_FORMAT = dwarf;
				ENABLE_STRICT_OBJC_MSGSEND = YES;
				GCC_C_LANGUAGE_STANDARD = gnu99;
				GCC_DYNAMIC_NO_PIC = NO;
				GCC_NO_COMMON_BLOCKS = YES;
				GCC_OPTIMIZATION_LEVEL = 0;
				GCC_PREPROCESSOR_DEFINITIONS = (
					"DEBUG=1",
					"$(inherited)",
				);
				GCC_SYMBOLS_PRIVATE_EXTERN = NO;
				GCC_WARN_64_TO_32_BIT_CONVERSION = YES;
				GCC_WARN_ABOUT_RETURN_TYPE = YES_ERROR;
				GCC_WARN_UNDECLARED_SELECTOR = YES;
				GCC_WARN_UNINITIALIZED_AUTOS = YES_AGGRESSIVE;
				GCC_WARN_UNUSED_FUNCTION = YES;
				GCC_WARN_UNUSED_VARIABLE = YES;
				MACOSX_DEPLOYMENT_TARGET = 10.10;
				MTL_ENABLE_DEBUG_INFO = YES;
				ONLY_ACTIVE_ARCH = YES;
				SDKROOT = macosx;
			};
			name = Debug;
		};
		D3110E031B2F65F900363281 /* Release */ = {
			isa = XCBuildConfiguration;
			buildSettings = {
				ALWAYS_SEARCH_USER_PATHS = NO;
				CLANG_CXX_LANGUAGE_STANDARD = "gnu++0x";
				CLANG_CXX_LIBRARY = "libc++";
				CLANG_ENABLE_MODULES = YES;
				CLANG_ENABLE_OBJC_ARC = YES;
				CLANG_WARN_BOOL_CONVERSION = YES;
				CLANG_WARN_CONSTANT_CONVERSION = YES;
				CLANG_WARN_DIRECT_OBJC_ISA_USAGE = YES_ERROR;
				CLANG_WARN_EMPTY_BODY = YES;
				CLANG_WARN_ENUM_CONVERSION = YES;
				CLANG_WARN_INT_CONVERSION = YES;
				CLANG_WARN_OBJC_ROOT_CLASS = YES_ERROR;
				CLANG_WARN_UNREACHABLE_CODE = YES;
				CLANG_WARN__DUPLICATE_METHOD_MATCH = YES;
				COPY_PHASE_STRIP = NO;
				DEBUG_INFORMATION_FORMAT = "dwarf-with-dsym";
				ENABLE_NS_ASSERTIONS = NO;
				ENABLE_STRICT_OBJC_MSGSEND = YES;
				GCC_C_LANGUAGE_STANDARD = gnu99;
				GCC_NO_COMMON_BLOCKS = YES;
				GCC_WARN_64_TO_32_BIT_CONVERSION = YES;
				GCC_WARN_ABOUT_RETURN_TYPE = YES_ERROR;
				GCC_WARN_UNDECLARED_SELECTOR = YES;
				GCC_WARN_UNINITIALIZED_AUTOS = YES_AGGRESSIVE;
				GCC_WARN_UNUSED_FUNCTION = YES;
				GCC_WARN_UNUSED_VARIABLE = YES;
				MACOSX_DEPLOYMENT_TARGET = 10.10;
				MTL_ENABLE_DEBUG_INFO = NO;
				SDKROOT = macosx;
			};
			name = Release;
		};
		D3110E051B2F65F900363281 /* Debug */ = {
			isa = XCBuildConfiguration;
			buildSettings = {
				PRODUCT_NAME = "$(TARGET_NAME)";
			};
			name = Debug;
		};
		D3110E061B2F65F900363281 /* Release */ = {
			isa = XCBuildConfiguration;
			buildSettings = {
				PRODUCT_NAME = "$(TARGET_NAME)";
			};
			name = Release;
		};
/* End XCBuildConfiguration section */

/* Begin XCConfigurationList section */
		D3110DF81B2F65F900363281 /* Build configuration list for PBXProject "Fock Basis Binary" */ = {
			isa = XCConfigurationList;
			buildConfigurations = (
				D3110E021B2F65F900363281 /* Debug */,
				D3110E031B2F65F900363281 /* Release */,
			);
			defaultConfigurationIsVisible = 0;
			defaultConfigurationName = Release;
		};
		D3110E041B2F65F900363281 /* Build configuration list for PBXNativeTarget "Fock Basis Binary" */ = {
			isa = XCConfigurationList;
			buildConfigurations = (
				D3110E051B2F65F900363281 /* Debug */,
				D3110E061B2F65F900363281 /* Release */,
			);
			defaultConfigurationIsVisible = 0;
			defaultConfigurationName = Release;
		};
/* End XCConfigurationList section */
	};
	rootObject = D3110DF51B2F65F900363281 /* Project object */;
}
